<?xml version="1.0" encoding="UTF-8" standalone="yes" ?>
<CodeBlocks_project_file>
	<FileVersion major="1" minor="6" />
	<Project>
		<Option title="Lights" />
		<Option pch_mode="2" />
		<Option compiler="gcc" />
		<Build>
			<Target title="Debug">
				<Option output="./Lights_d" prefix_auto="1" extension_auto="1" />
				<Option object_output="obj/Debug/" />
				<Option type="1" />
				<Option compiler="gcc" />
				<Compiler>
					<Add option="-g" />
				</Compiler>
			</Target>
			<Target title="Release">
				<Option output="./Lights" prefix_auto="1" extension_auto="1" />
				<Option object_output="obj/Release/" />
				<Option type="0" />
				<Option compiler="gcc" />
				<Compiler>
					<Add option="-O2" />
				</Compiler>
				<Linker>
					<Add option="-s" />
				</Linker>
			</Target>
		</Build>
		<Compiler>
			<Add option="-std=c++11" />
			<Add option="-Wall" />
			<Add directory="../../lib/libRocket/Include" />
			<Add directory="../../lib/SFML/include" />
			<Add directory="../../lib/artemis-port2cpp/src" />
			<Add directory="../../lib/Let_There_Be_Light_v1.5.1/Let_There_Be_Light_v1.5/Source" />
			<Add directory="/usr/include" />
			<Add directory="src" />
		</Compiler>
		<Linker>
			<Add library="sfml-window" />
			<Add library="sfml-graphics" />
			<Add library="sfml-system" />
			<Add library="GLEW" />
			<Add library="GLU" />
			<Add library="GL" />
			<Add library="../../lib/libRocket/Build/build/linux/libRocketControls.so" />
			<Add library="../../lib/libRocket/Build/build/linux/libRocketCore.so" />
			<Add library="../../lib/libRocket/Build/build/linux/libRocketDebugger.so" />
		</Linker>
		<Unit filename="../../lib/Let_There_Be_Light_v1.5.1/Let_There_Be_Light_v1.5/Source/LTBL/Constructs.h" />
		<Unit filename="../../lib/Let_There_Be_Light_v1.5.1/Let_There_Be_Light_v1.5/Source/LTBL/Constructs/AABB.cpp" />
		<Unit filename="../../lib/Let_There_Be_Light_v1.5.1/Let_There_Be_Light_v1.5/Source/LTBL/Constructs/AABB.h" />
		<Unit filename="../../lib/Let_There_Be_Light_v1.5.1/Let_There_Be_Light_v1.5/Source/LTBL/Light/ConvexHull.cpp" />
		<Unit filename="../../lib/Let_There_Be_Light_v1.5.1/Let_There_Be_Light_v1.5/Source/LTBL/Light/ConvexHull.h" />
		<Unit filename="../../lib/Let_There_Be_Light_v1.5.1/Let_There_Be_Light_v1.5/Source/LTBL/Light/EmissiveLight.cpp" />
		<Unit filename="../../lib/Let_There_Be_Light_v1.5.1/Let_There_Be_Light_v1.5/Source/LTBL/Light/EmissiveLight.h" />
		<Unit filename="../../lib/Let_There_Be_Light_v1.5.1/Let_There_Be_Light_v1.5/Source/LTBL/Light/Light.cpp" />
		<Unit filename="../../lib/Let_There_Be_Light_v1.5.1/Let_There_Be_Light_v1.5/Source/LTBL/Light/Light.h" />
		<Unit filename="../../lib/Let_There_Be_Light_v1.5.1/Let_There_Be_Light_v1.5/Source/LTBL/Light/LightSystem.cpp" />
		<Unit filename="../../lib/Let_There_Be_Light_v1.5.1/Let_There_Be_Light_v1.5/Source/LTBL/Light/LightSystem.h" />
		<Unit filename="../../lib/Let_There_Be_Light_v1.5.1/Let_There_Be_Light_v1.5/Source/LTBL/Light/Light_Point.cpp" />
		<Unit filename="../../lib/Let_There_Be_Light_v1.5.1/Let_There_Be_Light_v1.5/Source/LTBL/Light/Light_Point.h" />
		<Unit filename="../../lib/Let_There_Be_Light_v1.5.1/Let_There_Be_Light_v1.5/Source/LTBL/Light/ShadowFin.cpp" />
		<Unit filename="../../lib/Let_There_Be_Light_v1.5.1/Let_There_Be_Light_v1.5/Source/LTBL/Light/ShadowFin.h" />
		<Unit filename="../../lib/Let_There_Be_Light_v1.5.1/Let_There_Be_Light_v1.5/Source/LTBL/QuadTree/QuadTree.cpp" />
		<Unit filename="../../lib/Let_There_Be_Light_v1.5.1/Let_There_Be_Light_v1.5/Source/LTBL/QuadTree/QuadTree.h" />
		<Unit filename="../../lib/Let_There_Be_Light_v1.5.1/Let_There_Be_Light_v1.5/Source/LTBL/QuadTree/QuadTreeNode.cpp" />
		<Unit filename="../../lib/Let_There_Be_Light_v1.5.1/Let_There_Be_Light_v1.5/Source/LTBL/QuadTree/QuadTreeNode.h" />
		<Unit filename="../../lib/Let_There_Be_Light_v1.5.1/Let_There_Be_Light_v1.5/Source/LTBL/QuadTree/QuadTreeOccupant.cpp" />
		<Unit filename="../../lib/Let_There_Be_Light_v1.5.1/Let_There_Be_Light_v1.5/Source/LTBL/QuadTree/QuadTreeOccupant.h" />
		<Unit filename="../../lib/Let_There_Be_Light_v1.5.1/Let_There_Be_Light_v1.5/Source/LTBL/QuadTree/StaticQuadTree.cpp" />
		<Unit filename="../../lib/Let_There_Be_Light_v1.5.1/Let_There_Be_Light_v1.5/Source/LTBL/QuadTree/StaticQuadTree.h" />
		<Unit filename="../../lib/Let_There_Be_Light_v1.5.1/Let_There_Be_Light_v1.5/Source/LTBL/Utils.cpp" />
		<Unit filename="../../lib/Let_There_Be_Light_v1.5.1/Let_There_Be_Light_v1.5/Source/LTBL/Utils.h" />
		<Unit filename="../../lib/Let_There_Be_Light_v1.5.1/Let_There_Be_Light_v1.5/Source/LTBL/Utils.inl" />
		<Unit filename="src/ResourceManager.cpp" />
		<Unit filename="src/ResourceManager.hpp" />
		<Unit filename="src/TextureManager.cpp" />
		<Unit filename="src/TextureManager.hpp" />
		<Unit filename="src/libRocket/DecoratorInstancerStarfield.cpp" />
		<Unit filename="src/libRocket/DecoratorInstancerStarfield.h" />
		<Unit filename="src/libRocket/DecoratorStarfield.cpp" />
		<Unit filename="src/libRocket/DecoratorStarfield.h" />
		<Unit filename="src/libRocket/ElementGame.cpp" />
		<Unit filename="src/libRocket/ElementGame.h" />
		<Unit filename="src/libRocket/Event.cpp" />
		<Unit filename="src/libRocket/Event.h" />
		<Unit filename="src/libRocket/EventHandler.cpp" />
		<Unit filename="src/libRocket/EventHandler.h" />
		<Unit filename="src/libRocket/EventHandlerEmissiveLightEditor.cpp" />
		<Unit filename="src/libRocket/EventHandlerEmissiveLightEditor.h" />
		<Unit filename="src/libRocket/EventHandlerLightPointEditor.cpp" />
		<Unit filename="src/libRocket/EventHandlerLightPointEditor.h" />
		<Unit filename="src/libRocket/EventHandlerToolbar.cpp" />
		<Unit filename="src/libRocket/EventHandlerToolbar.h" />
		<Unit filename="src/libRocket/EventInstancer.cpp" />
		<Unit filename="src/libRocket/EventInstancer.h" />
		<Unit filename="src/libRocket/EventManager.cpp" />
		<Unit filename="src/libRocket/EventManager.h" />
		<Unit filename="src/libRocket/Game.cpp" />
		<Unit filename="src/libRocket/Game.h" />
		<Unit filename="src/libRocket/GameDetails.cpp" />
		<Unit filename="src/libRocket/GameDetails.h" />
		<Unit filename="src/libRocket/RenderInterfaceSFML.cpp" />
		<Unit filename="src/libRocket/RenderInterfaceSFML.h" />
		<Unit filename="src/libRocket/ShellFileInterface.cpp" />
		<Unit filename="src/libRocket/ShellFileInterface.h" />
		<Unit filename="src/libRocket/ShellOpenGL.h" />
		<Unit filename="src/libRocket/ShellSFML.cpp" />
		<Unit filename="src/libRocket/ShellSFML.h" />
		<Unit filename="src/libRocket/SystemInterfaceSFML.cpp" />
		<Unit filename="src/libRocket/SystemInterfaceSFML.h" />
		<Unit filename="src/main.cpp" />
		<Extensions>
			<envvars />
			<code_completion />
			<debugger />
			<lib_finder disable_auto="1" />
		</Extensions>
	</Project>
</CodeBlocks_project_file>
